# This file is automatically @generated by Cargo.
# It is not intended for manual editing.
version = 4

[[package]]
name = "continuum-asupersync"
version = "0.0.0"

[[package]]
name = "continuum-benchmark"
version = "0.0.0"

[[package]]
name = "continuum-certificate"
version = "0.0.0"

[[package]]
name = "continuum-cir"
version = "0.0.0"

[[package]]
name = "continuum-cli"
version = "0.0.0"

[[package]]
name = "continuum-cml-elab"
version = "0.0.0"
dependencies = [
 "continuum-cml-syntax",
]

[[package]]
name = "continuum-cml-syntax"
version = "0.0.0"

[[package]]
name = "continuum-context"
version = "0.0.0"

[[package]]
name = "continuum-corpus"
version = "0.0.0"

[[package]]
name = "continuum-dap"
version = "0.0.0"

[[package]]
name = "continuum-debugger"
version = "0.0.0"

[[package]]
name = "continuum-effects-network"
version = "0.0.0"

[[package]]
name = "continuum-effects-process"
version = "0.0.0"

[[package]]
name = "continuum-effects-storage"
version = "0.0.0"

[[package]]
name = "continuum-effects-time"
version = "0.0.0"

[[package]]
name = "continuum-engine-dpor"
version = "0.0.0"

[[package]]
name = "continuum-engine-explicit"
version = "0.0.0"

[[package]]
name = "continuum-engine-liveness"
version = "0.0.0"

[[package]]
name = "continuum-engine-reference"
version = "0.0.0"
dependencies = [
 "continuum-kernel-core",
]

[[package]]
name = "continuum-engine-symbolic"
version = "0.0.0"

[[package]]
name = "continuum-evidence"
version = "0.0.0"

[[package]]
name = "continuum-forge"
version = "0.0.0"

[[package]]
name = "continuum-incremental"
version = "0.0.0"

[[package]]
name = "continuum-intent"
version = "0.0.0"
dependencies = [
 "continuum-value",
]

[[package]]
name = "continuum-kernel-core"
version = "0.0.0"

[[package]]
name = "continuum-kernel-sat"
version = "0.0.0"

[[package]]
name = "continuum-kernel-smt"
version = "0.0.0"

[[package]]
name = "continuum-kernel-temporal"
version = "0.0.0"

[[package]]
name = "continuum-lsp"
version = "0.0.0"

[[package]]
name = "continuum-mcp"
version = "0.0.0"

[[package]]
name = "continuum-model-core"
version = "0.0.0"

[[package]]
name = "continuum-observer"
version = "0.0.0"

[[package]]
name = "continuum-proof-client"
version = "0.0.0"

[[package]]
name = "continuum-refinement"
version = "0.0.0"

[[package]]
name = "continuum-repair"
version = "0.0.0"

[[package]]
name = "continuum-sarif"
version = "0.0.0"

[[package]]
name = "continuum-security"
version = "0.0.0"

[[package]]
name = "continuum-semantic-diff"
version = "0.0.0"

[[package]]
name = "continuum-task"
version = "0.0.0"
dependencies = [
 "continuum-evidence",
 "continuum-value",
]

[[package]]
name = "continuum-value"
version = "0.0.0"

[[package]]
name = "continuum-workspace"
version = "0.0.0"

[[package]]
name = "continuumd"
version = "0.0.0"
dependencies = [
 "continuum-value",
]
